
Microsoft Visual Studio Solution File, Format Version 12.00
# Visual Studio Version 16
VisualStudioVersion = 16.0.29418.71
MinimumVisualStudioVersion = 10.0.40219.1
Project("{2150E333-8FDC-42A3-9474-1A3956D46DE8}") = "Source", "Source", "{3F170F3A-AB27-4028-A857-E63656F45F18}"
EndProject
Project("{9A19103F-16F7-4668-BE54-9A1E7A4F7556}") = "DeviousCreation.CqrsIdentity.Core", "source\DeviousCreation.CqrsIdentity.Core\DeviousCreation.CqrsIdentity.Core.csproj", "{C3460EB0-8CBE-4FFC-8310-02B9A98F6BE1}"
EndProject
Project("{9A19103F-16F7-4668-BE54-9A1E7A4F7556}") = "DeviousCreation.CqrsIdentity.Domain", "source\DeviousCreation.CqrsIdentity.Domain\DeviousCreation.CqrsIdentity.Domain.csproj", "{0059DE7D-E056-45A8-B340-9ABAB4BFCB51}"
EndProject
Project("{9A19103F-16F7-4668-BE54-9A1E7A4F7556}") = "DeviousCreation.CqrsIdentity.Infrastructure", "source\DeviousCreation.CqrsIdentity.Infrastructure\DeviousCreation.CqrsIdentity.Infrastructure.csproj", "{FAB61F88-D3CB-4C1D-8987-0CCB113392B5}"
EndProject
Project("{9A19103F-16F7-4668-BE54-9A1E7A4F7556}") = "DeviousCreation.CqrsIdentity.Queries", "source\DeviousCreation.CqrsIdentity.Queries\DeviousCreation.CqrsIdentity.Queries.csproj", "{E480F4CA-2BDE-414F-A53A-A80636498E24}"
EndProject
Project("{9A19103F-16F7-4668-BE54-9A1E7A4F7556}") = "DeviousCreation.CqrsIdentity.Web", "source\DeviousCreation.CqrsIdentity.Web\DeviousCreation.CqrsIdentity.Web.csproj", "{8A87E412-6398-4C19-BAB6-006F773814D4}"
EndProject
Project("{2150E333-8FDC-42A3-9474-1A3956D46DE8}") = "Tests", "Tests", "{C2837AE8-FA13-463D-8F96-11162968424D}"
EndProject
Project("{2150E333-8FDC-42A3-9474-1A3956D46DE8}") = "Data", "Data", "{13D05F41-BE19-49DA-9615-42A71BA6F2D0}"
EndProject
Project("{2150E333-8FDC-42A3-9474-1A3956D46DE8}") = "_", "_", "{1AFFCF6C-92BB-466F-AF17-9D18DD492817}"
	ProjectSection(SolutionItems) = preProject
		.gitignore = .gitignore
		LICENSE = LICENSE
		README.md = README.md
	EndProjectSection
EndProject
Project("{2150E333-8FDC-42A3-9474-1A3956D46DE8}") = "Build", "Build", "{D2F7A1AE-260B-476F-ACFA-B7BC90745530}"
	ProjectSection(SolutionItems) = preProject
		build\build.cake = build\build.cake
		build\build.ps1 = build\build.ps1
	EndProjectSection
EndProject
Project("{00D1A9C2-B5F0-4AF3-8072-F6C62B433612}") = "DeviousCreation.CqrsIdentity.Database", "data\DeviousCreation.CqrsIdentity.Database\DeviousCreation.CqrsIdentity.Database.sqlproj", "{22EC95D1-1148-430B-A3D9-9A96BB63663E}"
EndProject
Project("{2150E333-8FDC-42A3-9474-1A3956D46DE8}") = "Shared", "Shared", "{8E5362BA-5AF2-4512-98FB-6794FCE71F82}"
EndProject
Project("{D954291E-2A0B-460D-934E-DC6B0785DB48}") = "DeviousCreation.CqrsIdentity.Shared", "shared\DeviousCreation.CqrsIdentity.Shared\DeviousCreation.CqrsIdentity.Shared.shproj", "{F1378E75-EE2E-4F80-93D3-3C57BADD52FA}"
EndProject
Project("{9A19103F-16F7-4668-BE54-9A1E7A4F7556}") = "DeviousCreation.CqrsIdentity.Tests", "tests\DeviousCreation.CqrsIdentity.Tests\DeviousCreation.CqrsIdentity.Tests.csproj", "{A07BC756-44B6-46F9-A341-C79D31AEAC40}"
EndProject
Project("{9A19103F-16F7-4668-BE54-9A1E7A4F7556}") = "DeviousCreation.CqrsIdentity.OData", "source\DeviousCreation.CqrsIdentity.OData\DeviousCreation.CqrsIdentity.OData.csproj", "{FFC5B53F-CC37-4B66-9BCB-17234EBF1709}"
EndProject
Global
	GlobalSection(SharedMSBuildProjectFiles) = preSolution
		shared\DeviousCreation.CqrsIdentity.Shared\DeviousCreation.CqrsIdentity.Shared.projitems*{f1378e75-ee2e-4f80-93d3-3c57badd52fa}*SharedItemsImports = 13
	EndGlobalSection
	GlobalSection(SolutionConfigurationPlatforms) = preSolution
		Debug|Any CPU = Debug|Any CPU
		Debug|x64 = Debug|x64
		Debug|x86 = Debug|x86
		Release|Any CPU = Release|Any CPU
		Release|x64 = Release|x64
		Release|x86 = Release|x86
	EndGlobalSection
	GlobalSection(ProjectConfigurationPlatforms) = postSolution
		{C3460EB0-8CBE-4FFC-8310-02B9A98F6BE1}.Debug|Any CPU.ActiveCfg = Debug|Any CPU
		{C3460EB0-8CBE-4FFC-8310-02B9A98F6BE1}.Debug|Any CPU.Build.0 = Debug|Any CPU
		{C3460EB0-8CBE-4FFC-8310-02B9A98F6BE1}.Debug|x64.ActiveCfg = Debug|Any CPU
		{C3460EB0-8CBE-4FFC-8310-02B9A98F6BE1}.Debug|x64.Build.0 = Debug|Any CPU
		{C3460EB0-8CBE-4FFC-8310-02B9A98F6BE1}.Debug|x86.ActiveCfg = Debug|Any CPU
		{C3460EB0-8CBE-4FFC-8310-02B9A98F6BE1}.Debug|x86.Build.0 = Debug|Any CPU
		{C3460EB0-8CBE-4FFC-8310-02B9A98F6BE1}.Release|Any CPU.ActiveCfg = Release|Any CPU
		{C3460EB0-8CBE-4FFC-8310-02B9A98F6BE1}.Release|Any CPU.Build.0 = Release|Any CPU
		{C3460EB0-8CBE-4FFC-8310-02B9A98F6BE1}.Release|x64.ActiveCfg = Release|Any CPU
		{C3460EB0-8CBE-4FFC-8310-02B9A98F6BE1}.Release|x64.Build.0 = Release|Any CPU
		{C3460EB0-8CBE-4FFC-8310-02B9A98F6BE1}.Release|x86.ActiveCfg = Release|Any CPU
		{C3460EB0-8CBE-4FFC-8310-02B9A98F6BE1}.Release|x86.Build.0 = Release|Any CPU
		{0059DE7D-E056-45A8-B340-9ABAB4BFCB51}.Debug|Any CPU.ActiveCfg = Debug|Any CPU
		{0059DE7D-E056-45A8-B340-9ABAB4BFCB51}.Debug|Any CPU.Build.0 = Debug|Any CPU
		{0059DE7D-E056-45A8-B340-9ABAB4BFCB51}.Debug|x64.ActiveCfg = Debug|Any CPU
		{0059DE7D-E056-45A8-B340-9ABAB4BFCB51}.Debug|x64.Build.0 = Debug|Any CPU
		{0059DE7D-E056-45A8-B340-9ABAB4BFCB51}.Debug|x86.ActiveCfg = Debug|Any CPU
		{0059DE7D-E056-45A8-B340-9ABAB4BFCB51}.Debug|x86.Build.0 = Debug|Any CPU
		{0059DE7D-E056-45A8-B340-9ABAB4BFCB51}.Release|Any CPU.ActiveCfg = Release|Any CPU
		{0059DE7D-E056-45A8-B340-9ABAB4BFCB51}.Release|Any CPU.Build.0 = Release|Any CPU
		{0059DE7D-E056-45A8-B340-9ABAB4BFCB51}.Release|x64.ActiveCfg = Release|Any CPU
		{0059DE7D-E056-45A8-B340-9ABAB4BFCB51}.Release|x64.Build.0 = Release|Any CPU
		{0059DE7D-E056-45A8-B340-9ABAB4BFCB51}.Release|x86.ActiveCfg = Release|Any CPU
		{0059DE7D-E056-45A8-B340-9ABAB4BFCB51}.Release|x86.Build.0 = Release|Any CPU
		{FAB61F88-D3CB-4C1D-8987-0CCB113392B5}.Debug|Any CPU.ActiveCfg = Debug|Any CPU
		{FAB61F88-D3CB-4C1D-8987-0CCB113392B5}.Debug|Any CPU.Build.0 = Debug|Any CPU
		{FAB61F88-D3CB-4C1D-8987-0CCB113392B5}.Debug|x64.ActiveCfg = Debug|Any CPU
		{FAB61F88-D3CB-4C1D-8987-0CCB113392B5}.Debug|x64.Build.0 = Debug|Any CPU
		{FAB61F88-D3CB-4C1D-8987-0CCB113392B5}.Debug|x86.ActiveCfg = Debug|Any CPU
		{FAB61F88-D3CB-4C1D-8987-0CCB113392B5}.Debug|x86.Build.0 = Debug|Any CPU
		{FAB61F88-D3CB-4C1D-8987-0CCB113392B5}.Release|Any CPU.ActiveCfg = Release|Any CPU
		{FAB61F88-D3CB-4C1D-8987-0CCB113392B5}.Release|Any CPU.Build.0 = Release|Any CPU
		{FAB61F88-D3CB-4C1D-8987-0CCB113392B5}.Release|x64.ActiveCfg = Release|Any CPU
		{FAB61F88-D3CB-4C1D-8987-0CCB113392B5}.Release|x64.Build.0 = Release|Any CPU
		{FAB61F88-D3CB-4C1D-8987-0CCB113392B5}.Release|x86.ActiveCfg = Release|Any CPU
		{FAB61F88-D3CB-4C1D-8987-0CCB113392B5}.Release|x86.Build.0 = Release|Any CPU
		{E480F4CA-2BDE-414F-A53A-A80636498E24}.Debug|Any CPU.ActiveCfg = Debug|Any CPU
		{E480F4CA-2BDE-414F-A53A-A80636498E24}.Debug|Any CPU.Build.0 = Debug|Any CPU
		{E480F4CA-2BDE-414F-A53A-A80636498E24}.Debug|x64.ActiveCfg = Debug|Any CPU
		{E480F4CA-2BDE-414F-A53A-A80636498E24}.Debug|x64.Build.0 = Debug|Any CPU
		{E480F4CA-2BDE-414F-A53A-A80636498E24}.Debug|x86.ActiveCfg = Debug|Any CPU
		{E480F4CA-2BDE-414F-A53A-A80636498E24}.Debug|x86.Build.0 = Debug|Any CPU
		{E480F4CA-2BDE-414F-A53A-A80636498E24}.Release|Any CPU.ActiveCfg = Release|Any CPU
		{E480F4CA-2BDE-414F-A53A-A80636498E24}.Release|Any CPU.Build.0 = Release|Any CPU
		{E480F4CA-2BDE-414F-A53A-A80636498E24}.Release|x64.ActiveCfg = Release|Any CPU
		{E480F4CA-2BDE-414F-A53A-A80636498E24}.Release|x64.Build.0 = Release|Any CPU
		{E480F4CA-2BDE-414F-A53A-A80636498E24}.Release|x86.ActiveCfg = Release|Any CPU
		{E480F4CA-2BDE-414F-A53A-A80636498E24}.Release|x86.Build.0 = Release|Any CPU
		{8A87E412-6398-4C19-BAB6-006F773814D4}.Debug|Any CPU.ActiveCfg = Debug|Any CPU
		{8A87E412-6398-4C19-BAB6-006F773814D4}.Debug|Any CPU.Build.0 = Debug|Any CPU
		{8A87E412-6398-4C19-BAB6-006F773814D4}.Debug|x64.ActiveCfg = Debug|Any CPU
		{8A87E412-6398-4C19-BAB6-006F773814D4}.Debug|x64.Build.0 = Debug|Any CPU
		{8A87E412-6398-4C19-BAB6-006F773814D4}.Debug|x86.ActiveCfg = Debug|Any CPU
		{8A87E412-6398-4C19-BAB6-006F773814D4}.Debug|x86.Build.0 = Debug|Any CPU
		{8A87E412-6398-4C19-BAB6-006F773814D4}.Release|Any CPU.ActiveCfg = Release|Any CPU
		{8A87E412-6398-4C19-BAB6-006F773814D4}.Release|Any CPU.Build.0 = Release|Any CPU
		{8A87E412-6398-4C19-BAB6-006F773814D4}.Release|x64.ActiveCfg = Release|Any CPU
		{8A87E412-6398-4C19-BAB6-006F773814D4}.Release|x64.Build.0 = Release|Any CPU
		{8A87E412-6398-4C19-BAB6-006F773814D4}.Release|x86.ActiveCfg = Release|Any CPU
		{8A87E412-6398-4C19-BAB6-006F773814D4}.Release|x86.Build.0 = Release|Any CPU
		{22EC95D1-1148-430B-A3D9-9A96BB63663E}.Debug|Any CPU.ActiveCfg = Debug|Any CPU
		{22EC95D1-1148-430B-A3D9-9A96BB63663E}.Debug|Any CPU.Build.0 = Debug|Any CPU
		{22EC95D1-1148-430B-A3D9-9A96BB63663E}.Debug|Any CPU.Deploy.0 = Debug|Any CPU
		{22EC95D1-1148-430B-A3D9-9A96BB63663E}.Debug|x64.ActiveCfg = Debug|Any CPU
		{22EC95D1-1148-430B-A3D9-9A96BB63663E}.Debug|x64.Build.0 = Debug|Any CPU
		{22EC95D1-1148-430B-A3D9-9A96BB63663E}.Debug|x64.Deploy.0 = Debug|Any CPU
		{22EC95D1-1148-430B-A3D9-9A96BB63663E}.Debug|x86.ActiveCfg = Debug|Any CPU
		{22EC95D1-1148-430B-A3D9-9A96BB63663E}.Debug|x86.Build.0 = Debug|Any CPU
		{22EC95D1-1148-430B-A3D9-9A96BB63663E}.Debug|x86.Deploy.0 = Debug|Any CPU
		{22EC95D1-1148-430B-A3D9-9A96BB63663E}.Release|Any CPU.ActiveCfg = Release|Any CPU
		{22EC95D1-1148-430B-A3D9-9A96BB63663E}.Release|Any CPU.Build.0 = Release|Any CPU
		{22EC95D1-1148-430B-A3D9-9A96BB63663E}.Release|Any CPU.Deploy.0 = Release|Any CPU
		{22EC95D1-1148-430B-A3D9-9A96BB63663E}.Release|x64.ActiveCfg = Release|Any CPU
		{22EC95D1-1148-430B-A3D9-9A96BB63663E}.Release|x64.Build.0 = Release|Any CPU
		{22EC95D1-1148-430B-A3D9-9A96BB63663E}.Release|x64.Deploy.0 = Release|Any CPU
		{22EC95D1-1148-430B-A3D9-9A96BB63663E}.Release|x86.ActiveCfg = Release|Any CPU
		{22EC95D1-1148-430B-A3D9-9A96BB63663E}.Release|x86.Build.0 = Release|Any CPU
		{22EC95D1-1148-430B-A3D9-9A96BB63663E}.Release|x86.Deploy.0 = Release|Any CPU
		{A07BC756-44B6-46F9-A341-C79D31AEAC40}.Debug|Any CPU.ActiveCfg = Debug|Any CPU
		{A07BC756-44B6-46F9-A341-C79D31AEAC40}.Debug|Any CPU.Build.0 = Debug|Any CPU
		{A07BC756-44B6-46F9-A341-C79D31AEAC40}.Debug|x64.ActiveCfg = Debug|Any CPU
		{A07BC756-44B6-46F9-A341-C79D31AEAC40}.Debug|x64.Build.0 = Debug|Any CPU
		{A07BC756-44B6-46F9-A341-C79D31AEAC40}.Debug|x86.ActiveCfg = Debug|Any CPU
		{A07BC756-44B6-46F9-A341-C79D31AEAC40}.Debug|x86.Build.0 = Debug|Any CPU
		{A07BC756-44B6-46F9-A341-C79D31AEAC40}.Release|Any CPU.ActiveCfg = Release|Any CPU
		{A07BC756-44B6-46F9-A341-C79D31AEAC40}.Release|Any CPU.Build.0 = Release|Any CPU
		{A07BC756-44B6-46F9-A341-C79D31AEAC40}.Release|x64.ActiveCfg = Release|Any CPU
		{A07BC756-44B6-46F9-A341-C79D31AEAC40}.Release|x64.Build.0 = Release|Any CPU
		{A07BC756-44B6-46F9-A341-C79D31AEAC40}.Release|x86.ActiveCfg = Release|Any CPU
		{A07BC756-44B6-46F9-A341-C79D31AEAC40}.Release|x86.Build.0 = Release|Any CPU
		{FFC5B53F-CC37-4B66-9BCB-17234EBF1709}.Debug|Any CPU.ActiveCfg = Debug|Any CPU
		{FFC5B53F-CC37-4B66-9BCB-17234EBF1709}.Debug|Any CPU.Build.0 = Debug|Any CPU
		{FFC5B53F-CC37-4B66-9BCB-17234EBF1709}.Debug|x64.ActiveCfg = Debug|Any CPU
		{FFC5B53F-CC37-4B66-9BCB-17234EBF1709}.Debug|x64.Build.0 = Debug|Any CPU
		{FFC5B53F-CC37-4B66-9BCB-17234EBF1709}.Debug|x86.ActiveCfg = Debug|Any CPU
		{FFC5B53F-CC37-4B66-9BCB-17234EBF1709}.Debug|x86.Build.0 = Debug|Any CPU
		{FFC5B53F-CC37-4B66-9BCB-17234EBF1709}.Release|Any CPU.ActiveCfg = Release|Any CPU
		{FFC5B53F-CC37-4B66-9BCB-17234EBF1709}.Release|Any CPU.Build.0 = Release|Any CPU
		{FFC5B53F-CC37-4B66-9BCB-17234EBF1709}.Release|x64.ActiveCfg = Release|Any CPU
		{FFC5B53F-CC37-4B66-9BCB-17234EBF1709}.Release|x64.Build.0 = Release|Any CPU
		{FFC5B53F-CC37-4B66-9BCB-17234EBF1709}.Release|x86.ActiveCfg = Release|Any CPU
		{FFC5B53F-CC37-4B66-9BCB-17234EBF1709}.Release|x86.Build.0 = Release|Any CPU
	EndGlobalSection
	GlobalSection(SolutionProperties) = preSolution
		HideSolutionNode = FALSE
	EndGlobalSection
	GlobalSection(NestedProjects) = preSolution
		{C3460EB0-8CBE-4FFC-8310-02B9A98F6BE1} = {3F170F3A-AB27-4028-A857-E63656F45F18}
		{0059DE7D-E056-45A8-B340-9ABAB4BFCB51} = {3F170F3A-AB27-4028-A857-E63656F45F18}
		{FAB61F88-D3CB-4C1D-8987-0CCB113392B5} = {3F170F3A-AB27-4028-A857-E63656F45F18}
		{E480F4CA-2BDE-414F-A53A-A80636498E24} = {3F170F3A-AB27-4028-A857-E63656F45F18}
		{8A87E412-6398-4C19-BAB6-006F773814D4} = {3F170F3A-AB27-4028-A857-E63656F45F18}
		{22EC95D1-1148-430B-A3D9-9A96BB63663E} = {13D05F41-BE19-49DA-9615-42A71BA6F2D0}
		{F1378E75-EE2E-4F80-93D3-3C57BADD52FA} = {8E5362BA-5AF2-4512-98FB-6794FCE71F82}
		{A07BC756-44B6-46F9-A341-C79D31AEAC40} = {C2837AE8-FA13-463D-8F96-11162968424D}
		{FFC5B53F-CC37-4B66-9BCB-17234EBF1709} = {3F170F3A-AB27-4028-A857-E63656F45F18}
	EndGlobalSection
	GlobalSection(ExtensibilityGlobals) = postSolution
		SolutionGuid = {69F12A47-A0C9-460C-B9D8-84DD6DF3A229}
	EndGlobalSection
EndGlobal
